// !$*UTF8*$!
{
	archiveVersion = 1;
	classes = {
	};
	objectVersion = 52;
	objects = {

/* Begin PBXBuildFile section */
		AF130E252568C8500043EF62 /* AppDelegate.swift in Sources */ = {isa = PBXBuildFile; fileRef = AF130E242568C8500043EF62 /* AppDelegate.swift */; };
		AF130E272568C8500043EF62 /* SceneDelegate.swift in Sources */ = {isa = PBXBuildFile; fileRef = AF130E262568C8500043EF62 /* SceneDelegate.swift */; };
		AF130E292568C8500043EF62 /* HomeViewController.swift in Sources */ = {isa = PBXBuildFile; fileRef = AF130E282568C8500043EF62 /* HomeViewController.swift */; };
		AF130E2C2568C8500043EF62 /* Main.storyboard in Resources */ = {isa = PBXBuildFile; fileRef = AF130E2A2568C8500043EF62 /* Main.storyboard */; };
		AF130E2E2568C8520043EF62 /* Assets.xcassets in Resources */ = {isa = PBXBuildFile; fileRef = AF130E2D2568C8520043EF62 /* Assets.xcassets */; };
		AF130E312568C8520043EF62 /* LaunchScreen.storyboard in Resources */ = {isa = PBXBuildFile; fileRef = AF130E2F2568C8520043EF62 /* LaunchScreen.storyboard */; };
		AF130E3D2568CB390043EF62 /* FirebaseFirestoreSwift-Beta in Frameworks */ = {isa = PBXBuildFile; productRef = AF130E3C2568CB390043EF62 /* FirebaseFirestoreSwift-Beta */; };
		AF130E3F2568CB390043EF62 /* FirebaseStorage in Frameworks */ = {isa = PBXBuildFile; productRef = AF130E3E2568CB390043EF62 /* FirebaseStorage */; };
		AF130E412568CB390043EF62 /* FirebaseAuth in Frameworks */ = {isa = PBXBuildFile; productRef = AF130E402568CB390043EF62 /* FirebaseAuth */; };
		AF130E432568CB390043EF62 /* FirebaseFirestore in Frameworks */ = {isa = PBXBuildFile; productRef = AF130E422568CB390043EF62 /* FirebaseFirestore */; };
		AF130E452568CB390043EF62 /* FirebaseStorageSwift-Beta in Frameworks */ = {isa = PBXBuildFile; productRef = AF130E442568CB390043EF62 /* FirebaseStorageSwift-Beta */; };
		AF130E492568E0180043EF62 /* GoogleService-Info.plist in Resources */ = {isa = PBXBuildFile; fileRef = AF130E482568E0170043EF62 /* GoogleService-Info.plist */; };
		AF130E4C2568E3CE0043EF62 /* PostViewController.swift in Sources */ = {isa = PBXBuildFile; fileRef = AF130E4B2568E3CE0043EF62 /* PostViewController.swift */; };
		AF130E4F2568E4200043EF62 /* LoginViewController.swift in Sources */ = {isa = PBXBuildFile; fileRef = AF130E4E2568E4200043EF62 /* LoginViewController.swift */; };
		AF130E552568F0AE0043EF62 /* Post.swift in Sources */ = {isa = PBXBuildFile; fileRef = AF130E542568F0AE0043EF62 /* Post.swift */; };
		AF6C70872570B1AD00B320CF /* PostCell.swift in Sources */ = {isa = PBXBuildFile; fileRef = AF6C70862570B1AD00B320CF /* PostCell.swift */; };
		EDFFFAEA2570F4CE00FC191B /* RegisterViewController.swift in Sources */ = {isa = PBXBuildFile; fileRef = EDFFFAE92570F4CE00FC191B /* RegisterViewController.swift */; };
		EDFFFAED2570FEBF00FC191B /* ProfileViewController.swift in Sources */ = {isa = PBXBuildFile; fileRef = EDFFFAEC2570FEBF00FC191B /* ProfileViewController.swift */; };
/* End PBXBuildFile section */

/* Begin PBXFileReference section */
		AF130E212568C8500043EF62 /* Natter.app */ = {isa = PBXFileReference; explicitFileType = wrapper.application; includeInIndex = 0; path = Natter.app; sourceTree = BUILT_PRODUCTS_DIR; };
		AF130E242568C8500043EF62 /* AppDelegate.swift */ = {isa = PBXFileReference; lastKnownFileType = sourcecode.swift; path = AppDelegate.swift; sourceTree = "<group>"; };
		AF130E262568C8500043EF62 /* SceneDelegate.swift */ = {isa = PBXFileReference; lastKnownFileType = sourcecode.swift; path = SceneDelegate.swift; sourceTree = "<group>"; };
		AF130E282568C8500043EF62 /* HomeViewController.swift */ = {isa = PBXFileReference; lastKnownFileType = sourcecode.swift; path = HomeViewController.swift; sourceTree = "<group>"; };
		AF130E2B2568C8500043EF62 /* Base */ = {isa = PBXFileReference; lastKnownFileType = file.storyboard; name = Base; path = Base.lproj/Main.storyboard; sourceTree = "<group>"; };
		AF130E2D2568C8520043EF62 /* Assets.xcassets */ = {isa = PBXFileReference; lastKnownFileType = folder.assetcatalog; path = Assets.xcassets; sourceTree = "<group>"; };
		AF130E302568C8520043EF62 /* Base */ = {isa = PBXFileReference; lastKnownFileType = file.storyboard; name = Base; path = Base.lproj/LaunchScreen.storyboard; sourceTree = "<group>"; };
		AF130E322568C8520043EF62 /* Info.plist */ = {isa = PBXFileReference; lastKnownFileType = text.plist.xml; path = Info.plist; sourceTree = "<group>"; };
		AF130E482568E0170043EF62 /* GoogleService-Info.plist */ = {isa = PBXFileReference; fileEncoding = 4; lastKnownFileType = text.plist.xml; path = "GoogleService-Info.plist"; sourceTree = "<group>"; };
		AF130E4B2568E3CE0043EF62 /* PostViewController.swift */ = {isa = PBXFileReference; lastKnownFileType = sourcecode.swift; path = PostViewController.swift; sourceTree = "<group>"; };
		AF130E4E2568E4200043EF62 /* LoginViewController.swift */ = {isa = PBXFileReference; lastKnownFileType = sourcecode.swift; path = LoginViewController.swift; sourceTree = "<group>"; };
		AF130E542568F0AE0043EF62 /* Post.swift */ = {isa = PBXFileReference; lastKnownFileType = sourcecode.swift; path = Post.swift; sourceTree = "<group>"; };
		AF6C70862570B1AD00B320CF /* PostCell.swift */ = {isa = PBXFileReference; lastKnownFileType = sourcecode.swift; path = PostCell.swift; sourceTree = "<group>"; };
		EDFFFAE92570F4CE00FC191B /* RegisterViewController.swift */ = {isa = PBXFileReference; lastKnownFileType = sourcecode.swift; path = RegisterViewController.swift; sourceTree = "<group>"; };
		EDFFFAEC2570FEBF00FC191B /* ProfileViewController.swift */ = {isa = PBXFileReference; lastKnownFileType = sourcecode.swift; path = ProfileViewController.swift; sourceTree = "<group>"; };
/* End PBXFileReference section */

/* Begin PBXFrameworksBuildPhase section */
		AF130E1E2568C8500043EF62 /* Frameworks */ = {
			isa = PBXFrameworksBuildPhase;
			buildActionMask = 2147483647;
			files = (
				AF130E452568CB390043EF62 /* FirebaseStorageSwift-Beta in Frameworks */,
				AF130E3D2568CB390043EF62 /* FirebaseFirestoreSwift-Beta in Frameworks */,
				AF130E432568CB390043EF62 /* FirebaseFirestore in Frameworks */,
				AF130E412568CB390043EF62 /* FirebaseAuth in Frameworks */,
				AF130E3F2568CB390043EF62 /* FirebaseStorage in Frameworks */,
			);
			runOnlyForDeploymentPostprocessing = 0;
		};
/* End PBXFrameworksBuildPhase section */

/* Begin PBXGroup section */
		AF130E182568C8500043EF62 = {
			isa = PBXGroup;
			children = (
				AF130E232568C8500043EF62 /* Natter */,
				AF130E222568C8500043EF62 /* Products */,
			);
			sourceTree = "<group>";
		};
		AF130E222568C8500043EF62 /* Products */ = {
			isa = PBXGroup;
			children = (
				AF130E212568C8500043EF62 /* Natter.app */,
			);
			name = Products;
			sourceTree = "<group>";
		};
		AF130E232568C8500043EF62 /* Natter */ = {
			isa = PBXGroup;
			children = (
				AF6C70852570B19500B320CF /* Views */,
				AF130E532568F0920043EF62 /* Models */,
				AF130E242568C8500043EF62 /* AppDelegate.swift */,
				AF130E262568C8500043EF62 /* SceneDelegate.swift */,
				AF130E282568C8500043EF62 /* HomeViewController.swift */,
				AF130E4B2568E3CE0043EF62 /* PostViewController.swift */,
				AF130E4E2568E4200043EF62 /* LoginViewController.swift */,
				EDFFFAE92570F4CE00FC191B /* RegisterViewController.swift */,
				EDFFFAEC2570FEBF00FC191B /* ProfileViewController.swift */,
				AF130E2A2568C8500043EF62 /* Main.storyboard */,
				AF130E2D2568C8520043EF62 /* Assets.xcassets */,
				AF130E2F2568C8520043EF62 /* LaunchScreen.storyboard */,
				AF130E322568C8520043EF62 /* Info.plist */,
				AF130E482568E0170043EF62 /* GoogleService-Info.plist */,
			);
			path = Natter;
			sourceTree = "<group>";
		};
		AF130E532568F0920043EF62 /* Models */ = {
			isa = PBXGroup;
			children = (
				AF130E542568F0AE0043EF62 /* Post.swift */,
			);
			path = Models;
			sourceTree = "<group>";
		};
		AF6C70852570B19500B320CF /* Views */ = {
			isa = PBXGroup;
			children = (
				AF6C70862570B1AD00B320CF /* PostCell.swift */,
			);
			path = Views;
			sourceTree = "<group>";
		};
/* End PBXGroup section */

/* Begin PBXNativeTarget section */
		AF130E202568C8500043EF62 /* Natter */ = {
			isa = PBXNativeTarget;
			buildConfigurationList = AF130E352568C8520043EF62 /* Build configuration list for PBXNativeTarget "Natter" */;
			buildPhases = (
				AF130E1D2568C8500043EF62 /* Sources */,
				AF130E1E2568C8500043EF62 /* Frameworks */,
				AF130E1F2568C8500043EF62 /* Resources */,
			);
			buildRules = (
			);
			dependencies = (
			);
			name = Natter;
			packageProductDependencies = (
				AF130E3C2568CB390043EF62 /* FirebaseFirestoreSwift-Beta */,
				AF130E3E2568CB390043EF62 /* FirebaseStorage */,
				AF130E402568CB390043EF62 /* FirebaseAuth */,
				AF130E422568CB390043EF62 /* FirebaseFirestore */,
				AF130E442568CB390043EF62 /* FirebaseStorageSwift-Beta */,
			);
			productName = Natter;
			productReference = AF130E212568C8500043EF62 /* Natter.app */;
			productType = "com.apple.product-type.application";
		};
/* End PBXNativeTarget section */

/* Begin PBXProject section */
		AF130E192568C8500043EF62 /* Project object */ = {
			isa = PBXProject;
			attributes = {
				LastSwiftUpdateCheck = 1200;
				LastUpgradeCheck = 1200;
				TargetAttributes = {
					AF130E202568C8500043EF62 = {
						CreatedOnToolsVersion = 12.0.1;
					};
				};
			};
			buildConfigurationList = AF130E1C2568C8500043EF62 /* Build configuration list for PBXProject "Natter" */;
			compatibilityVersion = "Xcode 9.3";
			developmentRegion = en;
			hasScannedForEncodings = 0;
			knownRegions = (
				en,
				Base,
			);
			mainGroup = AF130E182568C8500043EF62;
			packageReferences = (
				AF130E3B2568CB390043EF62 /* XCRemoteSwiftPackageReference "firebase-ios-sdk" */,
			);
			productRefGroup = AF130E222568C8500043EF62 /* Products */;
			projectDirPath = "";
			projectRoot = "";
			targets = (
				AF130E202568C8500043EF62 /* Natter */,
			);
		};
/* End PBXProject section */

/* Begin PBXResourcesBuildPhase section */
		AF130E1F2568C8500043EF62 /* Resources */ = {
			isa = PBXResourcesBuildPhase;
			buildActionMask = 2147483647;
			files = (
				AF130E312568C8520043EF62 /* LaunchScreen.storyboard in Resources */,
				AF130E492568E0180043EF62 /* GoogleService-Info.plist in Resources */,
				AF130E2E2568C8520043EF62 /* Assets.xcassets in Resources */,
				AF130E2C2568C8500043EF62 /* Main.storyboard in Resources */,
			);
			runOnlyForDeploymentPostprocessing = 0;
		};
/* End PBXResourcesBuildPhase section */

/* Begin PBXSourcesBuildPhase section */
		AF130E1D2568C8500043EF62 /* Sources */ = {
			isa = PBXSourcesBuildPhase;
			buildActionMask = 2147483647;
			files = (
				AF6C70872570B1AD00B320CF /* PostCell.swift in Sources */,
				AF130E4C2568E3CE0043EF62 /* PostViewController.swift in Sources */,
				AF130E552568F0AE0043EF62 /* Post.swift in Sources */,
				EDFFFAEA2570F4CE00FC191B /* RegisterViewController.swift in Sources */,
				AF130E292568C8500043EF62 /* HomeViewController.swift in Sources */,
				AF130E252568C8500043EF62 /* AppDelegate.swift in Sources */,
				EDFFFAED2570FEBF00FC191B /* ProfileViewController.swift in Sources */,
				AF130E4F2568E4200043EF62 /* LoginViewController.swift in Sources */,
				AF130E272568C8500043EF62 /* SceneDelegate.swift in Sources */,
			);
			runOnlyForDeploymentPostprocessing = 0;
		};
/* End PBXSourcesBuildPhase section */

/* Begin PBXVariantGroup section */
		AF130E2A2568C8500043EF62 /* Main.storyboard */ = {
			isa = PBXVariantGroup;
			children = (
				AF130E2B2568C8500043EF62 /* Base */,
			);
			name = Main.storyboard;
			sourceTree = "<group>";
		};
		AF130E2F2568C8520043EF62 /* LaunchScreen.storyboard */ = {
			isa = PBXVariantGroup;
			children = (
				AF130E302568C8520043EF62 /* Base */,
			);
			name = LaunchScreen.storyboard;
			sourceTree = "<group>";
		};
/* End PBXVariantGroup section */

/* Begin XCBuildConfiguration section */
		AF130E332568C8520043EF62 /* Debug */ = {
			isa = XCBuildConfiguration;
			buildSettings = {
				ALWAYS_SEARCH_USER_PATHS = NO;
				CLANG_ANALYZER_NONNULL = YES;
				CLANG_ANALYZER_NUMBER_OBJECT_CONVERSION = YES_AGGRESSIVE;
				CLANG_CXX_LANGUAGE_STANDARD = "gnu++14";
				CLANG_CXX_LIBRARY = "libc++";
				CLANG_ENABLE_MODULES = YES;
				CLANG_ENABLE_OBJC_ARC = YES;
				CLANG_ENABLE_OBJC_WEAK = YES;
				CLANG_WARN_BLOCK_CAPTURE_AUTORELEASING = YES;
				CLANG_WARN_BOOL_CONVERSION = YES;
				CLANG_WARN_COMMA = YES;
				CLANG_WARN_CONSTANT_CONVERSION = YES;
				CLANG_WARN_DEPRECATED_OBJC_IMPLEMENTATIONS = YES;
				CLANG_WARN_DIRECT_OBJC_ISA_USAGE = YES_ERROR;
				CLANG_WARN_DOCUMENTATION_COMMENTS = YES;
				CLANG_WARN_EMPTY_BODY = YES;
				CLANG_WARN_ENUM_CONVERSION = YES;
				CLANG_WARN_INFINITE_RECURSION = YES;
				CLANG_WARN_INT_CONVERSION = YES;
				CLANG_WARN_NON_LITERAL_NULL_CONVERSION = YES;
				CLANG_WARN_OBJC_IMPLICIT_RETAIN_SELF = YES;
				CLANG_WARN_OBJC_LITERAL_CONVERSION = YES;
				CLANG_WARN_OBJC_ROOT_CLASS = YES_ERROR;
				CLANG_WARN_QUOTED_INCLUDE_IN_FRAMEWORK_HEADER = YES;
				CLANG_WARN_RANGE_LOOP_ANALYSIS = YES;
				CLANG_WARN_STRICT_PROTOTYPES = YES;
				CLANG_WARN_SUSPICIOUS_MOVE = YES;
				CLANG_WARN_UNGUARDED_AVAILABILITY = YES_AGGRESSIVE;
				CLANG_WARN_UNREACHABLE_CODE = YES;
				CLANG_WARN__DUPLICATE_METHOD_MATCH = YES;
				COPY_PHASE_STRIP = NO;
				DEBUG_INFORMATION_FORMAT = dwarf;
				ENABLE_STRICT_OBJC_MSGSEND = YES;
				ENABLE_TESTABILITY = YES;
				GCC_C_LANGUAGE_STANDARD = gnu11;
				GCC_DYNAMIC_NO_PIC = NO;
				GCC_NO_COMMON_BLOCKS = YES;
				GCC_OPTIMIZATION_LEVEL = 0;
				GCC_PREPROCESSOR_DEFINITIONS = (
					"DEBUG=1",
					"$(inherited)",
				);
				GCC_WARN_64_TO_32_BIT_CONVERSION = YES;
				GCC_WARN_ABOUT_RETURN_TYPE = YES_ERROR;
				GCC_WARN_UNDECLARED_SELECTOR = YES;
				GCC_WARN_UNINITIALIZED_AUTOS = YES_AGGRESSIVE;
				GCC_WARN_UNUSED_FUNCTION = YES;
				GCC_WARN_UNUSED_VARIABLE = YES;
				IPHONEOS_DEPLOYMENT_TARGET = 14.0;
				MTL_ENABLE_DEBUG_INFO = INCLUDE_SOURCE;
				MTL_FAST_MATH = YES;
				ONLY_ACTIVE_ARCH = YES;
				SDKROOT = iphoneos;
				SWIFT_ACTIVE_COMPILATION_CONDITIONS = DEBUG;
				SWIFT_OPTIMIZATION_LEVEL = "-Onone";
			};
			name = Debug;
		};
		AF130E342568C8520043EF62 /* Release */ = {
			isa = XCBuildConfiguration;
			buildSettings = {
				ALWAYS_SEARCH_USER_PATHS = NO;
				CLANG_ANALYZER_NONNULL = YES;
				CLANG_ANALYZER_NUMBER_OBJECT_CONVERSION = YES_AGGRESSIVE;
				CLANG_CXX_LANGUAGE_STANDARD = "gnu++14";
				CLANG_CXX_LIBRARY = "libc++";
				CLANG_ENABLE_MODULES = YES;
				CLANG_ENABLE_OBJC_ARC = YES;
				CLANG_ENABLE_OBJC_WEAK = YES;
				CLANG_WARN_BLOCK_CAPTURE_AUTORELEASING = YES;
				CLANG_WARN_BOOL_CONVERSION = YES;
				CLANG_WARN_COMMA = YES;
				CLANG_WARN_CONSTANT_CONVERSION = YES;
				CLANG_WARN_DEPRECATED_OBJC_IMPLEMENTATIONS = YES;
				CLANG_WARN_DIRECT_OBJC_ISA_USAGE = YES_ERROR;
				CLANG_WARN_DOCUMENTATION_COMMENTS = YES;
				CLANG_WARN_EMPTY_BODY = YES;
				CLANG_WARN_ENUM_CONVERSION = YES;
				CLANG_WARN_INFINITE_RECURSION = YES;
				CLANG_WARN_INT_CONVERSION = YES;
				CLANG_WARN_NON_LITERAL_NULL_CONVERSION = YES;
				CLANG_WARN_OBJC_IMPLICIT_RETAIN_SELF = YES;
				CLANG_WARN_OBJC_LITERAL_CONVERSION = YES;
				CLANG_WARN_OBJC_ROOT_CLASS = YES_ERROR;
				CLANG_WARN_QUOTED_INCLUDE_IN_FRAMEWORK_HEADER = YES;
				CLANG_WARN_RANGE_LOOP_ANALYSIS = YES;
				CLANG_WARN_STRICT_PROTOTYPES = YES;
				CLANG_WARN_SUSPICIOUS_MOVE = YES;
				CLANG_WARN_UNGUARDED_AVAILABILITY = YES_AGGRESSIVE;
				CLANG_WARN_UNREACHABLE_CODE = YES;
				CLANG_WARN__DUPLICATE_METHOD_MATCH = YES;
				COPY_PHASE_STRIP = NO;
				DEBUG_INFORMATION_FORMAT = "dwarf-with-dsym";
				ENABLE_NS_ASSERTIONS = NO;
				ENABLE_STRICT_OBJC_MSGSEND = YES;
				GCC_C_LANGUAGE_STANDARD = gnu11;
				GCC_NO_COMMON_BLOCKS = YES;
				GCC_WARN_64_TO_32_BIT_CONVERSION = YES;
				GCC_WARN_ABOUT_RETURN_TYPE = YES_ERROR;
				GCC_WARN_UNDECLARED_SELECTOR = YES;
				GCC_WARN_UNINITIALIZED_AUTOS = YES_AGGRESSIVE;
				GCC_WARN_UNUSED_FUNCTION = YES;
				GCC_WARN_UNUSED_VARIABLE = YES;
				IPHONEOS_DEPLOYMENT_TARGET = 14.0;
				MTL_ENABLE_DEBUG_INFO = NO;
				MTL_FAST_MATH = YES;
				SDKROOT = iphoneos;
				SWIFT_COMPILATION_MODE = wholemodule;
				SWIFT_OPTIMIZATION_LEVEL = "-O";
				VALIDATE_PRODUCT = YES;
			};
			name = Release;
		};
		AF130E362568C8520043EF62 /* Debug */ = {
			isa = XCBuildConfiguration;
			buildSettings = {
				ASSETCATALOG_COMPILER_APPICON_NAME = AppIcon;
				ASSETCATALOG_COMPILER_GLOBAL_ACCENT_COLOR_NAME = AccentColor;
				CODE_SIGN_STYLE = Automatic;
				DEVELOPMENT_TEAM = 4FTXXUD9JE;
				INFOPLIST_FILE = Natter/Info.plist;
				LD_RUNPATH_SEARCH_PATHS = (
					"$(inherited)",
					"@executable_path/Frameworks",
				);
				MARKETING_VERSION = 0.0.1;
				PRODUCT_BUNDLE_IDENTIFIER = swift.nui.natter;
				PRODUCT_NAME = "$(TARGET_NAME)";
				SWIFT_VERSION = 5.0;
				TARGETED_DEVICE_FAMILY = 1;
			};
			name = Debug;
		};
		AF130E372568C8520043EF62 /* Release */ = {
			isa = XCBuildConfiguration;
			buildSettings = {
				ASSETCATALOG_COMPILER_APPICON_NAME = AppIcon;
				ASSETCATALOG_COMPILER_GLOBAL_ACCENT_COLOR_NAME = AccentColor;
				CODE_SIGN_STYLE = Automatic;
				DEVELOPMENT_TEAM = 4FTXXUD9JE;
				INFOPLIST_FILE = Natter/Info.plist;
				LD_RUNPATH_SEARCH_PATHS = (
					"$(inherited)",
					"@executable_path/Frameworks",
				);
				MARKETING_VERSION = 0.0.1;
				PRODUCT_BUNDLE_IDENTIFIER = swift.nui.natter;
				PRODUCT_NAME = "$(TARGET_NAME)";
				SWIFT_VERSION = 5.0;
				TARGETED_DEVICE_FAMILY = 1;
			};
			name = Release;
		};
/* End XCBuildConfiguration section */

/* Begin XCConfigurationList section */
		AF130E1C2568C8500043EF62 /* Build configuration list for PBXProject "Natter" */ = {
			isa = XCConfigurationList;
			buildConfigurations = (
				AF130E332568C8520043EF62 /* Debug */,
				AF130E342568C8520043EF62 /* Release */,
			);
			defaultConfigurationIsVisible = 0;
			defaultConfigurationName = Release;
		};
		AF130E352568C8520043EF62 /* Build configuration list for PBXNativeTarget "Natter" */ = {
			isa = XCConfigurationList;
			buildConfigurations = (
				AF130E362568C8520043EF62 /* Debug */,
				AF130E372568C8520043EF62 /* Release */,
			);
			defaultConfigurationIsVisible = 0;
			defaultConfigurationName = Release;
		};
/* End XCConfigurationList section */

/* Begin XCRemoteSwiftPackageReference section */
		AF130E3B2568CB390043EF62 /* XCRemoteSwiftPackageReference "firebase-ios-sdk" */ = {
			isa = XCRemoteSwiftPackageReference;
			repositoryURL = "https://github.com/firebase/firebase-ios-sdk.git";
			requirement = {
				kind = upToNextMajorVersion;
				minimumVersion = 7.1.0;
			};
		};
/* End XCRemoteSwiftPackageReference section */

/* Begin XCSwiftPackageProductDependency section */
		AF130E3C2568CB390043EF62 /* FirebaseFirestoreSwift-Beta */ = {
			isa = XCSwiftPackageProductDependency;
			package = AF130E3B2568CB390043EF62 /* XCRemoteSwiftPackageReference "firebase-ios-sdk" */;
			productName = "FirebaseFirestoreSwift-Beta";
		};
		AF130E3E2568CB390043EF62 /* FirebaseStorage */ = {
			isa = XCSwiftPackageProductDependency;
			package = AF130E3B2568CB390043EF62 /* XCRemoteSwiftPackageReference "firebase-ios-sdk" */;
			productName = FirebaseStorage;
		};
		AF130E402568CB390043EF62 /* FirebaseAuth */ = {
			isa = XCSwiftPackageProductDependency;
			package = AF130E3B2568CB390043EF62 /* XCRemoteSwiftPackageReference "firebase-ios-sdk" */;
			productName = FirebaseAuth;
		};
		AF130E422568CB390043EF62 /* FirebaseFirestore */ = {
			isa = XCSwiftPackageProductDependency;
			package = AF130E3B2568CB390043EF62 /* XCRemoteSwiftPackageReference "firebase-ios-sdk" */;
			productName = FirebaseFirestore;
		};
		AF130E442568CB390043EF62 /* FirebaseStorageSwift-Beta */ = {
			isa = XCSwiftPackageProductDependency;
			package = AF130E3B2568CB390043EF62 /* XCRemoteSwiftPackageReference "firebase-ios-sdk" */;
			productName = "FirebaseStorageSwift-Beta";
		};
/* End XCSwiftPackageProductDependency section */
	};
	rootObject = AF130E192568C8500043EF62 /* Project object */;
}
